
Microsoft Visual Studio Solution File, Format Version 12.00
# Visual Studio 15
VisualStudioVersion = 15.0.34526.175
MinimumVisualStudioVersion = 10.0.40219.1
Project("{FAE04EC0-301F-11D3-BF4B-00C04F79EFBC}") = "gda", "gda\gda.csproj", "{1F93BB3F-216D-45F6-BB37-4DEDDAB16FD5}"
EndProject
Global
	GlobalSection(SolutionConfigurationPlatforms) = preSolution
		Debug|Any CPU = Debug|Any CPU
		Release|Any CPU = Release|Any CPU
	EndGlobalSection
	GlobalSection(ProjectConfigurationPlatforms) = postSolution
		{1F93BB3F-216D-45F6-BB37-4DEDDAB16FD5}.Debug|Any CPU.ActiveCfg = Debug|Any CPU
		{1F93BB3F-216D-45F6-BB37-4DEDDAB16FD5}.Debug|Any CPU.Build.0 = Debug|Any CPU
		{1F93BB3F-216D-45F6-BB37-4DEDDAB16FD5}.Release|Any CPU.ActiveCfg = Release|Any CPU
		{1F93BB3F-216D-45F6-BB37-4DEDDAB16FD5}.Release|Any CPU.Build.0 = Release|Any CPU
	EndGlobalSection
	GlobalSection(SolutionProperties) = preSolution
		HideSolutionNode = FALSE
	EndGlobalSection
	GlobalSection(ExtensibilityGlobals) = postSolution
		SolutionGuid = {77455913-4DCC-4788-9924-4D213F701D14}
	EndGlobalSection
EndGlobal
